{
  "nodes": {
    "nixpkgs": {
      "locked": {
        "lastModified": 1698684595,
        "narHash": "sha256-FWuYqgnzDB2fzBVpl1pPgdUmcbtg2+nYit5ZWTd5bMY=",
        "owner": "nixos",
        "repo": "nixpkgs",
        "rev": "70f835f9aac39630643391f152d67d111303c128",
        "type": "github"
      },
      "original": {
        "owner": "nixos",
        "ref": "master",
        "repo": "nixpkgs",
        "type": "github"
      }
    },
    "root": {
      "inputs": {
        "nixpkgs": "nixpkgs"
      }
    }
  },
  "root": "root",
  "version": 7
}
